
Microsoft Visual Studio Solution File, Format Version 12.00
# Visual Studio Version 17
VisualStudioVersion = 17.4.33213.308
MinimumVisualStudioVersion = 10.0.40219.1
Project("{8BC9CEB8-8B4A-11D0-8D11-00A0C91BC942}") = "UniProject", "UniProject\UniProject.vcxproj", "{D1549F62-2FBC-4D69-BB1A-89BC6BBC9219}"
EndProject
Global
	GlobalSection(SolutionConfigurationPlatforms) = preSolution
		Debug|x64 = Debug|x64
		Debug|x86 = Debug|x86
		Release|x64 = Release|x64
		Release|x86 = Release|x86
	EndGlobalSection
	GlobalSection(ProjectConfigurationPlatforms) = postSolution
		{D1549F62-2FBC-4D69-BB1A-89BC6BBC9219}.Debug|x64.ActiveCfg = Debug|x64
		{D1549F62-2FBC-4D69-BB1A-89BC6BBC9219}.Debug|x64.Build.0 = Debug|x64
		{D1549F62-2FBC-4D69-BB1A-89BC6BBC9219}.Debug|x86.ActiveCfg = Debug|Win32
		{D1549F62-2FBC-4D69-BB1A-89BC6BBC9219}.Debug|x86.Build.0 = Debug|Win32
		{D1549F62-2FBC-4D69-BB1A-89BC6BBC9219}.Release|x64.ActiveCfg = Release|x64
		{D1549F62-2FBC-4D69-BB1A-89BC6BBC9219}.Release|x64.Build.0 = Release|x64
		{D1549F62-2FBC-4D69-BB1A-89BC6BBC9219}.Release|x86.ActiveCfg = Release|Win32
		{D1549F62-2FBC-4D69-BB1A-89BC6BBC9219}.Release|x86.Build.0 = Release|Win32
	EndGlobalSection
	GlobalSection(SolutionProperties) = preSolution
		HideSolutionNode = FALSE
	EndGlobalSection
	GlobalSection(ExtensibilityGlobals) = postSolution
		SolutionGuid = {1634CE88-091C-4386-B6E0-F7923B0C5412}
	EndGlobalSection
EndGlobal
